
Microsoft Visual Studio Solution File, Format Version 12.00
# Visual Studio Version 17
VisualStudioVersion = 17.12.35707.178 d17.12
MinimumVisualStudioVersion = 10.0.40219.1
Project("{FAE04EC0-301F-11D3-BF4B-00C04F79EFBC}") = "WebApiHarvestHub", "WebApiHarvestHub\WebApiHarvestHub.csproj", "{46182870-30A8-4C64-BD1C-9D828AA20EDD}"
EndProject
Global
	GlobalSection(SolutionConfigurationPlatforms) = preSolution
		Debug|Any CPU = Debug|Any CPU
		Release|Any CPU = Release|Any CPU
	EndGlobalSection
	GlobalSection(ProjectConfigurationPlatforms) = postSolution
		{46182870-30A8-4C64-BD1C-9D828AA20EDD}.Debug|Any CPU.ActiveCfg = Debug|Any CPU
		{46182870-30A8-4C64-BD1C-9D828AA20EDD}.Debug|Any CPU.Build.0 = Debug|Any CPU
		{46182870-30A8-4C64-BD1C-9D828AA20EDD}.Release|Any CPU.ActiveCfg = Release|Any CPU
		{46182870-30A8-4C64-BD1C-9D828AA20EDD}.Release|Any CPU.Build.0 = Release|Any CPU
	EndGlobalSection
	GlobalSection(SolutionProperties) = preSolution
		HideSolutionNode = FALSE
	EndGlobalSection
EndGlobal
